
Microsoft Visual Studio Solution File, Format Version 12.00
# Visual Studio Version 16
VisualStudioVersion = 16.0.31205.134
MinimumVisualStudioVersion = 10.0.40219.1
Project("{FAE04EC0-301F-11D3-BF4B-00C04F79EFBC}") = "Aula123ExercicioProp(EnumComp)", "Aula123ExercicioProp(EnumComp)\Aula123ExercicioProp(EnumComp).csproj", "{35E848F2-9B5B-476F-BA72-7CD4674B420A}"
EndProject
Global
	GlobalSection(SolutionConfigurationPlatforms) = preSolution
		Debug|Any CPU = Debug|Any CPU
		Release|Any CPU = Release|Any CPU
	EndGlobalSection
	GlobalSection(ProjectConfigurationPlatforms) = postSolution
		{35E848F2-9B5B-476F-BA72-7CD4674B420A}.Debug|Any CPU.ActiveCfg = Debug|Any CPU
		{35E848F2-9B5B-476F-BA72-7CD4674B420A}.Debug|Any CPU.Build.0 = Debug|Any CPU
		{35E848F2-9B5B-476F-BA72-7CD4674B420A}.Release|Any CPU.ActiveCfg = Release|Any CPU
		{35E848F2-9B5B-476F-BA72-7CD4674B420A}.Release|Any CPU.Build.0 = Release|Any CPU
	EndGlobalSection
	GlobalSection(SolutionProperties) = preSolution
		HideSolutionNode = FALSE
	EndGlobalSection
	GlobalSection(ExtensibilityGlobals) = postSolution
		SolutionGuid = {BD313771-1290-4C39-8748-B0F1AA9BCC2E}
	EndGlobalSection
EndGlobal
