
Microsoft Visual Studio Solution File, Format Version 12.00
# Visual Studio Version 16
VisualStudioVersion = 16.0.31205.134
MinimumVisualStudioVersion = 10.0.40219.1
Project("{FAE04EC0-301F-11D3-BF4B-00C04F79EFBC}") = "Curso", "Curso\Curso.csproj", "{045B8D6E-4BA0-4B7E-BE62-F5E7586569CA}"
EndProject
Global
	GlobalSection(SolutionConfigurationPlatforms) = preSolution
		Debug|Any CPU = Debug|Any CPU
		Release|Any CPU = Release|Any CPU
	EndGlobalSection
	GlobalSection(ProjectConfigurationPlatforms) = postSolution
		{045B8D6E-4BA0-4B7E-BE62-F5E7586569CA}.Debug|Any CPU.ActiveCfg = Debug|Any CPU
		{045B8D6E-4BA0-4B7E-BE62-F5E7586569CA}.Debug|Any CPU.Build.0 = Debug|Any CPU
		{045B8D6E-4BA0-4B7E-BE62-F5E7586569CA}.Release|Any CPU.ActiveCfg = Release|Any CPU
		{045B8D6E-4BA0-4B7E-BE62-F5E7586569CA}.Release|Any CPU.Build.0 = Release|Any CPU
	EndGlobalSection
	GlobalSection(SolutionProperties) = preSolution
		HideSolutionNode = FALSE
	EndGlobalSection
	GlobalSection(ExtensibilityGlobals) = postSolution
		SolutionGuid = {B4B32313-9734-436B-B72D-D3010F907D0D}
	EndGlobalSection
EndGlobal
