
Microsoft Visual Studio Solution File, Format Version 12.00
# Visual Studio Version 16
VisualStudioVersion = 16.0.31205.134
MinimumVisualStudioVersion = 10.0.40219.1
Project("{FAE04EC0-301F-11D3-BF4B-00C04F79EFBC}") = "Aula90TimeSpan", "Aula90TimeSpan\Aula90TimeSpan.csproj", "{228778C7-655F-4285-AF85-A4B42BD50077}"
EndProject
Global
	GlobalSection(SolutionConfigurationPlatforms) = preSolution
		Debug|Any CPU = Debug|Any CPU
		Release|Any CPU = Release|Any CPU
	EndGlobalSection
	GlobalSection(ProjectConfigurationPlatforms) = postSolution
		{228778C7-655F-4285-AF85-A4B42BD50077}.Debug|Any CPU.ActiveCfg = Debug|Any CPU
		{228778C7-655F-4285-AF85-A4B42BD50077}.Debug|Any CPU.Build.0 = Debug|Any CPU
		{228778C7-655F-4285-AF85-A4B42BD50077}.Release|Any CPU.ActiveCfg = Release|Any CPU
		{228778C7-655F-4285-AF85-A4B42BD50077}.Release|Any CPU.Build.0 = Release|Any CPU
	EndGlobalSection
	GlobalSection(SolutionProperties) = preSolution
		HideSolutionNode = FALSE
	EndGlobalSection
	GlobalSection(ExtensibilityGlobals) = postSolution
		SolutionGuid = {BE68B2B7-4821-493A-9EA8-27F9E028001B}
	EndGlobalSection
EndGlobal
