
Microsoft Visual Studio Solution File, Format Version 12.00
# Visual Studio Version 16
VisualStudioVersion = 16.0.31205.134
MinimumVisualStudioVersion = 10.0.40219.1
Project("{FAE04EC0-301F-11D3-BF4B-00C04F79EFBC}") = "Area do terreno", "Area do terreno\Area do terreno.csproj", "{37C736D8-505F-4017-9003-6220B416C0E6}"
EndProject
Global
	GlobalSection(SolutionConfigurationPlatforms) = preSolution
		Debug|Any CPU = Debug|Any CPU
		Release|Any CPU = Release|Any CPU
	EndGlobalSection
	GlobalSection(ProjectConfigurationPlatforms) = postSolution
		{37C736D8-505F-4017-9003-6220B416C0E6}.Debug|Any CPU.ActiveCfg = Debug|Any CPU
		{37C736D8-505F-4017-9003-6220B416C0E6}.Debug|Any CPU.Build.0 = Debug|Any CPU
		{37C736D8-505F-4017-9003-6220B416C0E6}.Release|Any CPU.ActiveCfg = Release|Any CPU
		{37C736D8-505F-4017-9003-6220B416C0E6}.Release|Any CPU.Build.0 = Release|Any CPU
	EndGlobalSection
	GlobalSection(SolutionProperties) = preSolution
		HideSolutionNode = FALSE
	EndGlobalSection
	GlobalSection(ExtensibilityGlobals) = postSolution
		SolutionGuid = {B3076BDB-96B4-4EE1-B939-EB487B768365}
	EndGlobalSection
EndGlobal
