
Microsoft Visual Studio Solution File, Format Version 12.00
# Visual Studio Version 16
VisualStudioVersion = 16.0.31205.134
MinimumVisualStudioVersion = 10.0.40219.1
Project("{FAE04EC0-301F-11D3-BF4B-00C04F79EFBC}") = "Saída de dados", "Saída de dados\Saída de dados.csproj", "{FD9461C5-64C7-454C-90D9-5D8E4A6666BF}"
EndProject
Global
	GlobalSection(SolutionConfigurationPlatforms) = preSolution
		Debug|Any CPU = Debug|Any CPU
		Release|Any CPU = Release|Any CPU
	EndGlobalSection
	GlobalSection(ProjectConfigurationPlatforms) = postSolution
		{FD9461C5-64C7-454C-90D9-5D8E4A6666BF}.Debug|Any CPU.ActiveCfg = Debug|Any CPU
		{FD9461C5-64C7-454C-90D9-5D8E4A6666BF}.Debug|Any CPU.Build.0 = Debug|Any CPU
		{FD9461C5-64C7-454C-90D9-5D8E4A6666BF}.Release|Any CPU.ActiveCfg = Release|Any CPU
		{FD9461C5-64C7-454C-90D9-5D8E4A6666BF}.Release|Any CPU.Build.0 = Release|Any CPU
	EndGlobalSection
	GlobalSection(SolutionProperties) = preSolution
		HideSolutionNode = FALSE
	EndGlobalSection
	GlobalSection(ExtensibilityGlobals) = postSolution
		SolutionGuid = {9B412A37-7ABD-4E90-AA3E-52361A020066}
	EndGlobalSection
EndGlobal
