
Microsoft Visual Studio Solution File, Format Version 12.00
# Visual Studio Version 16
VisualStudioVersion = 16.0.31205.134
MinimumVisualStudioVersion = 10.0.40219.1
Project("{FAE04EC0-301F-11D3-BF4B-00C04F79EFBC}") = "Aula88FuncoesParaString", "Aula88FuncoesParaString\Aula88FuncoesParaString.csproj", "{66272F5B-6108-42E5-8398-5A192D29C859}"
EndProject
Global
	GlobalSection(SolutionConfigurationPlatforms) = preSolution
		Debug|Any CPU = Debug|Any CPU
		Release|Any CPU = Release|Any CPU
	EndGlobalSection
	GlobalSection(ProjectConfigurationPlatforms) = postSolution
		{66272F5B-6108-42E5-8398-5A192D29C859}.Debug|Any CPU.ActiveCfg = Debug|Any CPU
		{66272F5B-6108-42E5-8398-5A192D29C859}.Debug|Any CPU.Build.0 = Debug|Any CPU
		{66272F5B-6108-42E5-8398-5A192D29C859}.Release|Any CPU.ActiveCfg = Release|Any CPU
		{66272F5B-6108-42E5-8398-5A192D29C859}.Release|Any CPU.Build.0 = Release|Any CPU
	EndGlobalSection
	GlobalSection(SolutionProperties) = preSolution
		HideSolutionNode = FALSE
	EndGlobalSection
	GlobalSection(ExtensibilityGlobals) = postSolution
		SolutionGuid = {164C93D1-E404-4F2C-B64F-979E95749D6C}
	EndGlobalSection
EndGlobal
