
Microsoft Visual Studio Solution File, Format Version 12.00
# Visual Studio Version 16
VisualStudioVersion = 16.0.31205.134
MinimumVisualStudioVersion = 10.0.40219.1
Project("{FAE04EC0-301F-11D3-BF4B-00C04F79EFBC}") = "Exercício proposto", "Exercício proposto\Exercício proposto.csproj", "{43B88BDF-03B8-4A4B-891E-7CB25A857212}"
EndProject
Global
	GlobalSection(SolutionConfigurationPlatforms) = preSolution
		Debug|Any CPU = Debug|Any CPU
		Release|Any CPU = Release|Any CPU
	EndGlobalSection
	GlobalSection(ProjectConfigurationPlatforms) = postSolution
		{43B88BDF-03B8-4A4B-891E-7CB25A857212}.Debug|Any CPU.ActiveCfg = Debug|Any CPU
		{43B88BDF-03B8-4A4B-891E-7CB25A857212}.Debug|Any CPU.Build.0 = Debug|Any CPU
		{43B88BDF-03B8-4A4B-891E-7CB25A857212}.Release|Any CPU.ActiveCfg = Release|Any CPU
		{43B88BDF-03B8-4A4B-891E-7CB25A857212}.Release|Any CPU.Build.0 = Release|Any CPU
	EndGlobalSection
	GlobalSection(SolutionProperties) = preSolution
		HideSolutionNode = FALSE
	EndGlobalSection
	GlobalSection(ExtensibilityGlobals) = postSolution
		SolutionGuid = {B1087E11-BB77-4020-9A89-73F757CD184F}
	EndGlobalSection
EndGlobal
